<?xml version="1.0" encoding="utf-8"?>
<Project ToolsVersion="4.0" xmlns="http://schemas.microsoft.com/developer/msbuild/2003">
  <ItemGroup>
    <ClCompile Include="Source\main.cpp">
      <Filter>Source Files</Filter>
    </ClCompile>
    <ClCompile Include="Source\SONException.cpp">
      <Filter>Source Files</Filter>
    </ClCompile>
    <ClCompile Include="Source\SONIO.cpp">
      <Filter>Source Files</Filter>
    </ClCompile>
  </ItemGroup>
  <ItemGroup>
    <ClInclude Include="Source\SONBranch.h">
      <Filter>Header Files</Filter>
    </ClInclude>
    <ClInclude Include="Source\SONException.h">
      <Filter>Header Files</Filter>
    </ClInclude>
    <ClInclude Include="Source\SONIO.h">
      <Filter>Header Files</Filter>
    </ClInclude>
  </ItemGroup>
  <ItemGroup>
    <None Include="Source\Test.son" />
  </ItemGroup>
  <ItemGroup>
    <Filter Include="Header Files">
      <UniqueIdentifier>{658351fa-ea9d-48c9-924e-31377817ab91}</UniqueIdentifier>
    </Filter>
    <Filter Include="Source Files">
      <UniqueIdentifier>{8e02985f-7371-4b88-8ffd-61c82c4f8208}</UniqueIdentifier>
    </Filter>
  </ItemGroup>
</Project>